
Microsoft Visual Studio Solution File, Format Version 12.00
# Visual Studio Version 17
VisualStudioVersion = 17.0.31512.422
MinimumVisualStudioVersion = 10.0.40219.1
Project("{FAE04EC0-301F-11D3-BF4B-00C04F79EFBC}") = "Todo.Android", "Todo\Todo.Android\Todo.Android.csproj", "{E3C837EA-74A6-45BD-B429-6B746035B331}"
EndProject
Project("{9A19103F-16F7-4668-BE54-9A1E7A4F7556}") = "Todo", "Todo\Todo\Todo.csproj", "{EE69323F-9E95-474A-BF40-AE8E7C67E9E9}"
EndProject
Global
	GlobalSection(SolutionConfigurationPlatforms) = preSolution
		Debug|Any CPU = Debug|Any CPU
		Debug|ARM = Debug|ARM
		Debug|iPhone = Debug|iPhone
		Debug|iPhoneSimulator = Debug|iPhoneSimulator
		Debug|x64 = Debug|x64
		Debug|x86 = Debug|x86
		Release|Any CPU = Release|Any CPU
		Release|ARM = Release|ARM
		Release|iPhone = Release|iPhone
		Release|iPhoneSimulator = Release|iPhoneSimulator
		Release|x64 = Release|x64
		Release|x86 = Release|x86
	EndGlobalSection
	GlobalSection(ProjectConfigurationPlatforms) = postSolution
		{E3C837EA-74A6-45BD-B429-6B746035B331}.Debug|Any CPU.ActiveCfg = Debug|Any CPU
		{E3C837EA-74A6-45BD-B429-6B746035B331}.Debug|Any CPU.Build.0 = Debug|Any CPU
		{E3C837EA-74A6-45BD-B429-6B746035B331}.Debug|Any CPU.Deploy.0 = Debug|Any CPU
		{E3C837EA-74A6-45BD-B429-6B746035B331}.Debug|ARM.ActiveCfg = Debug|Any CPU
		{E3C837EA-74A6-45BD-B429-6B746035B331}.Debug|ARM.Build.0 = Debug|Any CPU
		{E3C837EA-74A6-45BD-B429-6B746035B331}.Debug|ARM.Deploy.0 = Debug|Any CPU
		{E3C837EA-74A6-45BD-B429-6B746035B331}.Debug|iPhone.ActiveCfg = Debug|Any CPU
		{E3C837EA-74A6-45BD-B429-6B746035B331}.Debug|iPhone.Build.0 = Debug|Any CPU
		{E3C837EA-74A6-45BD-B429-6B746035B331}.Debug|iPhone.Deploy.0 = Debug|Any CPU
		{E3C837EA-74A6-45BD-B429-6B746035B331}.Debug|iPhoneSimulator.ActiveCfg = Debug|Any CPU
		{E3C837EA-74A6-45BD-B429-6B746035B331}.Debug|iPhoneSimulator.Build.0 = Debug|Any CPU
		{E3C837EA-74A6-45BD-B429-6B746035B331}.Debug|iPhoneSimulator.Deploy.0 = Debug|Any CPU
		{E3C837EA-74A6-45BD-B429-6B746035B331}.Debug|x64.ActiveCfg = Debug|Any CPU
		{E3C837EA-74A6-45BD-B429-6B746035B331}.Debug|x64.Build.0 = Debug|Any CPU
		{E3C837EA-74A6-45BD-B429-6B746035B331}.Debug|x64.Deploy.0 = Debug|Any CPU
		{E3C837EA-74A6-45BD-B429-6B746035B331}.Debug|x86.ActiveCfg = Debug|Any CPU
		{E3C837EA-74A6-45BD-B429-6B746035B331}.Debug|x86.Build.0 = Debug|Any CPU
		{E3C837EA-74A6-45BD-B429-6B746035B331}.Debug|x86.Deploy.0 = Debug|Any CPU
		{E3C837EA-74A6-45BD-B429-6B746035B331}.Release|Any CPU.ActiveCfg = Release|Any CPU
		{E3C837EA-74A6-45BD-B429-6B746035B331}.Release|Any CPU.Build.0 = Release|Any CPU
		{E3C837EA-74A6-45BD-B429-6B746035B331}.Release|Any CPU.Deploy.0 = Release|Any CPU
		{E3C837EA-74A6-45BD-B429-6B746035B331}.Release|ARM.ActiveCfg = Release|Any CPU
		{E3C837EA-74A6-45BD-B429-6B746035B331}.Release|ARM.Build.0 = Release|Any CPU
		{E3C837EA-74A6-45BD-B429-6B746035B331}.Release|ARM.Deploy.0 = Release|Any CPU
		{E3C837EA-74A6-45BD-B429-6B746035B331}.Release|iPhone.ActiveCfg = Release|Any CPU
		{E3C837EA-74A6-45BD-B429-6B746035B331}.Release|iPhone.Build.0 = Release|Any CPU
		{E3C837EA-74A6-45BD-B429-6B746035B331}.Release|iPhone.Deploy.0 = Release|Any CPU
		{E3C837EA-74A6-45BD-B429-6B746035B331}.Release|iPhoneSimulator.ActiveCfg = Release|Any CPU
		{E3C837EA-74A6-45BD-B429-6B746035B331}.Release|iPhoneSimulator.Build.0 = Release|Any CPU
		{E3C837EA-74A6-45BD-B429-6B746035B331}.Release|iPhoneSimulator.Deploy.0 = Release|Any CPU
		{E3C837EA-74A6-45BD-B429-6B746035B331}.Release|x64.ActiveCfg = Release|Any CPU
		{E3C837EA-74A6-45BD-B429-6B746035B331}.Release|x64.Build.0 = Release|Any CPU
		{E3C837EA-74A6-45BD-B429-6B746035B331}.Release|x64.Deploy.0 = Release|Any CPU
		{E3C837EA-74A6-45BD-B429-6B746035B331}.Release|x86.ActiveCfg = Release|Any CPU
		{E3C837EA-74A6-45BD-B429-6B746035B331}.Release|x86.Build.0 = Release|Any CPU
		{E3C837EA-74A6-45BD-B429-6B746035B331}.Release|x86.Deploy.0 = Release|Any CPU
		{EE69323F-9E95-474A-BF40-AE8E7C67E9E9}.Debug|Any CPU.ActiveCfg = Debug|Any CPU
		{EE69323F-9E95-474A-BF40-AE8E7C67E9E9}.Debug|Any CPU.Build.0 = Debug|Any CPU
		{EE69323F-9E95-474A-BF40-AE8E7C67E9E9}.Debug|Any CPU.Deploy.0 = Debug|Any CPU
		{EE69323F-9E95-474A-BF40-AE8E7C67E9E9}.Debug|ARM.ActiveCfg = Debug|Any CPU
		{EE69323F-9E95-474A-BF40-AE8E7C67E9E9}.Debug|ARM.Build.0 = Debug|Any CPU
		{EE69323F-9E95-474A-BF40-AE8E7C67E9E9}.Debug|ARM.Deploy.0 = Debug|Any CPU
		{EE69323F-9E95-474A-BF40-AE8E7C67E9E9}.Debug|iPhone.ActiveCfg = Debug|Any CPU
		{EE69323F-9E95-474A-BF40-AE8E7C67E9E9}.Debug|iPhone.Build.0 = Debug|Any CPU
		{EE69323F-9E95-474A-BF40-AE8E7C67E9E9}.Debug|iPhone.Deploy.0 = Debug|Any CPU
		{EE69323F-9E95-474A-BF40-AE8E7C67E9E9}.Debug|iPhoneSimulator.ActiveCfg = Debug|Any CPU
		{EE69323F-9E95-474A-BF40-AE8E7C67E9E9}.Debug|iPhoneSimulator.Build.0 = Debug|Any CPU
		{EE69323F-9E95-474A-BF40-AE8E7C67E9E9}.Debug|iPhoneSimulator.Deploy.0 = Debug|Any CPU
		{EE69323F-9E95-474A-BF40-AE8E7C67E9E9}.Debug|x64.ActiveCfg = Debug|Any CPU
		{EE69323F-9E95-474A-BF40-AE8E7C67E9E9}.Debug|x64.Build.0 = Debug|Any CPU
		{EE69323F-9E95-474A-BF40-AE8E7C67E9E9}.Debug|x64.Deploy.0 = Debug|Any CPU
		{EE69323F-9E95-474A-BF40-AE8E7C67E9E9}.Debug|x86.ActiveCfg = Debug|Any CPU
		{EE69323F-9E95-474A-BF40-AE8E7C67E9E9}.Debug|x86.Build.0 = Debug|Any CPU
		{EE69323F-9E95-474A-BF40-AE8E7C67E9E9}.Debug|x86.Deploy.0 = Debug|Any CPU
		{EE69323F-9E95-474A-BF40-AE8E7C67E9E9}.Release|Any CPU.ActiveCfg = Release|Any CPU
		{EE69323F-9E95-474A-BF40-AE8E7C67E9E9}.Release|Any CPU.Build.0 = Release|Any CPU
		{EE69323F-9E95-474A-BF40-AE8E7C67E9E9}.Release|Any CPU.Deploy.0 = Release|Any CPU
		{EE69323F-9E95-474A-BF40-AE8E7C67E9E9}.Release|ARM.ActiveCfg = Release|Any CPU
		{EE69323F-9E95-474A-BF40-AE8E7C67E9E9}.Release|ARM.Build.0 = Release|Any CPU
		{EE69323F-9E95-474A-BF40-AE8E7C67E9E9}.Release|ARM.Deploy.0 = Release|Any CPU
		{EE69323F-9E95-474A-BF40-AE8E7C67E9E9}.Release|iPhone.ActiveCfg = Release|Any CPU
		{EE69323F-9E95-474A-BF40-AE8E7C67E9E9}.Release|iPhone.Build.0 = Release|Any CPU
		{EE69323F-9E95-474A-BF40-AE8E7C67E9E9}.Release|iPhone.Deploy.0 = Release|Any CPU
		{EE69323F-9E95-474A-BF40-AE8E7C67E9E9}.Release|iPhoneSimulator.ActiveCfg = Release|Any CPU
		{EE69323F-9E95-474A-BF40-AE8E7C67E9E9}.Release|iPhoneSimulator.Build.0 = Release|Any CPU
		{EE69323F-9E95-474A-BF40-AE8E7C67E9E9}.Release|iPhoneSimulator.Deploy.0 = Release|Any CPU
		{EE69323F-9E95-474A-BF40-AE8E7C67E9E9}.Release|x64.ActiveCfg = Release|Any CPU
		{EE69323F-9E95-474A-BF40-AE8E7C67E9E9}.Release|x64.Build.0 = Release|Any CPU
		{EE69323F-9E95-474A-BF40-AE8E7C67E9E9}.Release|x64.Deploy.0 = Release|Any CPU
		{EE69323F-9E95-474A-BF40-AE8E7C67E9E9}.Release|x86.ActiveCfg = Release|Any CPU
		{EE69323F-9E95-474A-BF40-AE8E7C67E9E9}.Release|x86.Build.0 = Release|Any CPU
		{EE69323F-9E95-474A-BF40-AE8E7C67E9E9}.Release|x86.Deploy.0 = Release|Any CPU
	EndGlobalSection
	GlobalSection(SolutionProperties) = preSolution
		HideSolutionNode = FALSE
	EndGlobalSection
	GlobalSection(ExtensibilityGlobals) = postSolution
		SolutionGuid = {17BCE6B2-0644-43F5-9628-D08179519E6C}
	EndGlobalSection
EndGlobal
